
Microsoft Visual Studio Solution File, Format Version 12.00
# Visual Studio 14
VisualStudioVersion = 14.0.25420.1
MinimumVisualStudioVersion = 10.0.40219.1
Project("{2150E333-8FDC-42A3-9474-1A3956D46DE8}") = "Case 01", "Case 01", "{F56AB1B3-CC2F-41FF-993E-B79301D66D6C}"
EndProject
Project("{FAE04EC0-301F-11D3-BF4B-00C04F79EFBC}") = "FileSystem", "Case 01\FileSystem\FileSystem.csproj", "{645B8758-99F5-4D8D-8D44-25881AD013BB}"
EndProject
Project("{2150E333-8FDC-42A3-9474-1A3956D46DE8}") = "Case 02", "Case 02", "{69FC8221-F1F1-4F3D-A941-97D24ACF70AF}"
EndProject
Project("{FAE04EC0-301F-11D3-BF4B-00C04F79EFBC}") = "FileSystem", "Case 02\FileSystem\FileSystem.csproj", "{4D50F5EB-462B-4739-835A-45B127731E96}"
EndProject
Project("{2150E333-8FDC-42A3-9474-1A3956D46DE8}") = "Case 03", "Case 03", "{90BCF5F2-BABC-4FE7-92B9-BF287C449FCD}"
EndProject
Project("{FAE04EC0-301F-11D3-BF4B-00C04F79EFBC}") = "FileSystem", "Case 03\FileSystem\FileSystem.csproj", "{1A56B2AE-8312-4010-AF74-ED55339D7105}"
EndProject
Project("{FAE04EC0-301F-11D3-BF4B-00C04F79EFBC}") = "FileSystem.IntegrationTests", "Case 03\FileSystem.IntegrationTests\FileSystem.IntegrationTests.csproj", "{F9583BA4-6B06-4D3F-B50C-BFE2FFE4BF9B}"
EndProject
Project("{2150E333-8FDC-42A3-9474-1A3956D46DE8}") = "Case 04", "Case 04", "{B809D85E-CE0C-477A-B7B8-10BF1C8D938F}"
EndProject
Project("{FAE04EC0-301F-11D3-BF4B-00C04F79EFBC}") = "FileSystem", "Case 04\FileSystem\FileSystem.csproj", "{28F7AF94-3A93-4BF7-A301-8681928AE619}"
EndProject
Project("{FAE04EC0-301F-11D3-BF4B-00C04F79EFBC}") = "FileSystem.IntegrationTests", "Case 04\FileSystem.IntegrationTests\FileSystem.IntegrationTests.csproj", "{AD3E3CFB-D1E4-4F87-84AD-B0DD58B8C7EB}"
EndProject
Project("{FAE04EC0-301F-11D3-BF4B-00C04F79EFBC}") = "FileSystem.UnitTests", "Case 04\FileSystem.UnitTests\FileSystem.UnitTests.csproj", "{F49BC68F-A326-4E36-8AC7-A9A490B476DD}"
EndProject
Project("{2150E333-8FDC-42A3-9474-1A3956D46DE8}") = "Case 05", "Case 05", "{C69E0395-4E76-4E14-BF29-CC8F92DC017C}"
EndProject
Project("{FAE04EC0-301F-11D3-BF4B-00C04F79EFBC}") = "FileSystem.Winform", "Case 05\FileSystem\FileSystem.Winform.csproj", "{7E37625D-FA83-4633-AFA9-746B70AAD9C8}"
EndProject
Project("{FAE04EC0-301F-11D3-BF4B-00C04F79EFBC}") = "FileSystem.Core", "Case 05\FileSystem.Core\FileSystem.Core.csproj", "{490A0BB1-4345-42BD-8CB9-431770139EFB}"
EndProject
Project("{FAE04EC0-301F-11D3-BF4B-00C04F79EFBC}") = "FileSystem.WPF", "Case 05\FileSystem.WPF\FileSystem.WPF.csproj", "{9B04AD91-8AB4-47FB-8903-B7CE0EE09376}"
EndProject
Global
	GlobalSection(SolutionConfigurationPlatforms) = preSolution
		Debug|Any CPU = Debug|Any CPU
		Release|Any CPU = Release|Any CPU
	EndGlobalSection
	GlobalSection(ProjectConfigurationPlatforms) = postSolution
		{645B8758-99F5-4D8D-8D44-25881AD013BB}.Debug|Any CPU.ActiveCfg = Debug|Any CPU
		{645B8758-99F5-4D8D-8D44-25881AD013BB}.Debug|Any CPU.Build.0 = Debug|Any CPU
		{645B8758-99F5-4D8D-8D44-25881AD013BB}.Release|Any CPU.ActiveCfg = Release|Any CPU
		{645B8758-99F5-4D8D-8D44-25881AD013BB}.Release|Any CPU.Build.0 = Release|Any CPU
		{4D50F5EB-462B-4739-835A-45B127731E96}.Debug|Any CPU.ActiveCfg = Debug|Any CPU
		{4D50F5EB-462B-4739-835A-45B127731E96}.Debug|Any CPU.Build.0 = Debug|Any CPU
		{4D50F5EB-462B-4739-835A-45B127731E96}.Release|Any CPU.ActiveCfg = Release|Any CPU
		{4D50F5EB-462B-4739-835A-45B127731E96}.Release|Any CPU.Build.0 = Release|Any CPU
		{1A56B2AE-8312-4010-AF74-ED55339D7105}.Debug|Any CPU.ActiveCfg = Debug|Any CPU
		{1A56B2AE-8312-4010-AF74-ED55339D7105}.Debug|Any CPU.Build.0 = Debug|Any CPU
		{1A56B2AE-8312-4010-AF74-ED55339D7105}.Release|Any CPU.ActiveCfg = Release|Any CPU
		{1A56B2AE-8312-4010-AF74-ED55339D7105}.Release|Any CPU.Build.0 = Release|Any CPU
		{F9583BA4-6B06-4D3F-B50C-BFE2FFE4BF9B}.Debug|Any CPU.ActiveCfg = Debug|Any CPU
		{F9583BA4-6B06-4D3F-B50C-BFE2FFE4BF9B}.Debug|Any CPU.Build.0 = Debug|Any CPU
		{F9583BA4-6B06-4D3F-B50C-BFE2FFE4BF9B}.Release|Any CPU.ActiveCfg = Release|Any CPU
		{F9583BA4-6B06-4D3F-B50C-BFE2FFE4BF9B}.Release|Any CPU.Build.0 = Release|Any CPU
		{28F7AF94-3A93-4BF7-A301-8681928AE619}.Debug|Any CPU.ActiveCfg = Debug|Any CPU
		{28F7AF94-3A93-4BF7-A301-8681928AE619}.Debug|Any CPU.Build.0 = Debug|Any CPU
		{28F7AF94-3A93-4BF7-A301-8681928AE619}.Release|Any CPU.ActiveCfg = Release|Any CPU
		{28F7AF94-3A93-4BF7-A301-8681928AE619}.Release|Any CPU.Build.0 = Release|Any CPU
		{AD3E3CFB-D1E4-4F87-84AD-B0DD58B8C7EB}.Debug|Any CPU.ActiveCfg = Debug|Any CPU
		{AD3E3CFB-D1E4-4F87-84AD-B0DD58B8C7EB}.Debug|Any CPU.Build.0 = Debug|Any CPU
		{AD3E3CFB-D1E4-4F87-84AD-B0DD58B8C7EB}.Release|Any CPU.ActiveCfg = Release|Any CPU
		{AD3E3CFB-D1E4-4F87-84AD-B0DD58B8C7EB}.Release|Any CPU.Build.0 = Release|Any CPU
		{F49BC68F-A326-4E36-8AC7-A9A490B476DD}.Debug|Any CPU.ActiveCfg = Debug|Any CPU
		{F49BC68F-A326-4E36-8AC7-A9A490B476DD}.Debug|Any CPU.Build.0 = Debug|Any CPU
		{F49BC68F-A326-4E36-8AC7-A9A490B476DD}.Release|Any CPU.ActiveCfg = Release|Any CPU
		{F49BC68F-A326-4E36-8AC7-A9A490B476DD}.Release|Any CPU.Build.0 = Release|Any CPU
		{7E37625D-FA83-4633-AFA9-746B70AAD9C8}.Debug|Any CPU.ActiveCfg = Debug|Any CPU
		{7E37625D-FA83-4633-AFA9-746B70AAD9C8}.Debug|Any CPU.Build.0 = Debug|Any CPU
		{7E37625D-FA83-4633-AFA9-746B70AAD9C8}.Release|Any CPU.ActiveCfg = Release|Any CPU
		{7E37625D-FA83-4633-AFA9-746B70AAD9C8}.Release|Any CPU.Build.0 = Release|Any CPU
		{490A0BB1-4345-42BD-8CB9-431770139EFB}.Debug|Any CPU.ActiveCfg = Debug|Any CPU
		{490A0BB1-4345-42BD-8CB9-431770139EFB}.Debug|Any CPU.Build.0 = Debug|Any CPU
		{490A0BB1-4345-42BD-8CB9-431770139EFB}.Release|Any CPU.ActiveCfg = Release|Any CPU
		{490A0BB1-4345-42BD-8CB9-431770139EFB}.Release|Any CPU.Build.0 = Release|Any CPU
		{9B04AD91-8AB4-47FB-8903-B7CE0EE09376}.Debug|Any CPU.ActiveCfg = Debug|Any CPU
		{9B04AD91-8AB4-47FB-8903-B7CE0EE09376}.Debug|Any CPU.Build.0 = Debug|Any CPU
		{9B04AD91-8AB4-47FB-8903-B7CE0EE09376}.Release|Any CPU.ActiveCfg = Release|Any CPU
		{9B04AD91-8AB4-47FB-8903-B7CE0EE09376}.Release|Any CPU.Build.0 = Release|Any CPU
	EndGlobalSection
	GlobalSection(SolutionProperties) = preSolution
		HideSolutionNode = FALSE
	EndGlobalSection
	GlobalSection(NestedProjects) = preSolution
		{645B8758-99F5-4D8D-8D44-25881AD013BB} = {F56AB1B3-CC2F-41FF-993E-B79301D66D6C}
		{4D50F5EB-462B-4739-835A-45B127731E96} = {69FC8221-F1F1-4F3D-A941-97D24ACF70AF}
		{1A56B2AE-8312-4010-AF74-ED55339D7105} = {90BCF5F2-BABC-4FE7-92B9-BF287C449FCD}
		{F9583BA4-6B06-4D3F-B50C-BFE2FFE4BF9B} = {90BCF5F2-BABC-4FE7-92B9-BF287C449FCD}
		{28F7AF94-3A93-4BF7-A301-8681928AE619} = {B809D85E-CE0C-477A-B7B8-10BF1C8D938F}
		{AD3E3CFB-D1E4-4F87-84AD-B0DD58B8C7EB} = {B809D85E-CE0C-477A-B7B8-10BF1C8D938F}
		{F49BC68F-A326-4E36-8AC7-A9A490B476DD} = {B809D85E-CE0C-477A-B7B8-10BF1C8D938F}
		{7E37625D-FA83-4633-AFA9-746B70AAD9C8} = {C69E0395-4E76-4E14-BF29-CC8F92DC017C}
		{490A0BB1-4345-42BD-8CB9-431770139EFB} = {C69E0395-4E76-4E14-BF29-CC8F92DC017C}
		{9B04AD91-8AB4-47FB-8903-B7CE0EE09376} = {C69E0395-4E76-4E14-BF29-CC8F92DC017C}
	EndGlobalSection
EndGlobal
